// !$*UTF8*$!
{
	archiveVersion = 1;
	classes = {
	};
	objectVersion = 46;
	objects = {

/* Begin PBXBuildFile section */
		F80CB80B19810E1E00B8AC74 /* JSONDecodable.swift in Sources */ = {isa = PBXBuildFile; fileRef = F80CB80A19810E1E00B8AC74 /* JSONDecodable.swift */; };
		F80CB80C1981102B00B8AC74 /* JSONDecodable.swift in Sources */ = {isa = PBXBuildFile; fileRef = F80CB80A19810E1E00B8AC74 /* JSONDecodable.swift */; };
		F8350F6C197E3135006CB48C /* JSON.swift in Sources */ = {isa = PBXBuildFile; fileRef = F8350F67197E3135006CB48C /* JSON.swift */; };
		F8350F6D197E3135006CB48C /* JSONDecoder.swift in Sources */ = {isa = PBXBuildFile; fileRef = F8350F68197E3135006CB48C /* JSONDecoder.swift */; };
		F8350F6E197E3135006CB48C /* JSONSerialize.h in Headers */ = {isa = PBXBuildFile; fileRef = F8350F69197E3135006CB48C /* JSONSerialize.h */; settings = {ATTRIBUTES = (Public, ); }; };
		F8350F6F197E3135006CB48C /* ToJSON.swift in Sources */ = {isa = PBXBuildFile; fileRef = F8350F6A197E3135006CB48C /* ToJSON.swift */; };
		F8350F75197E31D3006CB48C /* JSONSerializeTests.swift in Sources */ = {isa = PBXBuildFile; fileRef = F8350F72197E3160006CB48C /* JSONSerializeTests.swift */; };
		F85C2D32197E364400F8B67B /* JSONSerialize.framework in Frameworks */ = {isa = PBXBuildFile; fileRef = F85C2D27197E364400F8B67B /* JSONSerialize.framework */; };
		F85C2D42197E36FD00F8B67B /* JSON.swift in Sources */ = {isa = PBXBuildFile; fileRef = F8350F67197E3135006CB48C /* JSON.swift */; };
		F85C2D43197E36FD00F8B67B /* JSONDecoder.swift in Sources */ = {isa = PBXBuildFile; fileRef = F8350F68197E3135006CB48C /* JSONDecoder.swift */; };
		F85C2D44197E36FD00F8B67B /* ToJSON.swift in Sources */ = {isa = PBXBuildFile; fileRef = F8350F6A197E3135006CB48C /* ToJSON.swift */; };
		F85C2D45197E370B00F8B67B /* JSONSerializeTests.swift in Sources */ = {isa = PBXBuildFile; fileRef = F8350F72197E3160006CB48C /* JSONSerializeTests.swift */; };
		F85C2D47197E37A600F8B67B /* JSONSerialize.h in Headers */ = {isa = PBXBuildFile; fileRef = F8350F69197E3135006CB48C /* JSONSerialize.h */; settings = {ATTRIBUTES = (Public, ); }; };
		F8E404AB196FC03500CC1CB9 /* JSONSerialize.framework in Frameworks */ = {isa = PBXBuildFile; fileRef = F8E4049F196FC03500CC1CB9 /* JSONSerialize.framework */; };
/* End PBXBuildFile section */

/* Begin PBXContainerItemProxy section */
		F8350F5C197E30E9006CB48C /* PBXContainerItemProxy */ = {
			isa = PBXContainerItemProxy;
			containerPortal = F8E40496196FC03500CC1CB9 /* Project object */;
			proxyType = 1;
			remoteGlobalIDString = F8E4049E196FC03500CC1CB9;
			remoteInfo = JSONSerialize;
		};
		F8350F5E197E30E9006CB48C /* PBXContainerItemProxy */ = {
			isa = PBXContainerItemProxy;
			containerPortal = F8E40496196FC03500CC1CB9 /* Project object */;
			proxyType = 1;
			remoteGlobalIDString = F8E4049E196FC03500CC1CB9;
			remoteInfo = JSONSerialize;
		};
		F85C2D33197E364400F8B67B /* PBXContainerItemProxy */ = {
			isa = PBXContainerItemProxy;
			containerPortal = F8E40496196FC03500CC1CB9 /* Project object */;
			proxyType = 1;
			remoteGlobalIDString = F85C2D26197E364400F8B67B;
			remoteInfo = JSONSerializeOSX;
		};
		F8E404AC196FC03500CC1CB9 /* PBXContainerItemProxy */ = {
			isa = PBXContainerItemProxy;
			containerPortal = F8E40496196FC03500CC1CB9 /* Project object */;
			proxyType = 1;
			remoteGlobalIDString = F8E4049E196FC03500CC1CB9;
			remoteInfo = JsonSerialize;
		};
/* End PBXContainerItemProxy section */

/* Begin PBXFileReference section */
		F80CB80A19810E1E00B8AC74 /* JSONDecodable.swift */ = {isa = PBXFileReference; fileEncoding = 4; lastKnownFileType = sourcecode.swift; path = JSONDecodable.swift; sourceTree = "<group>"; };
		F8350F67197E3135006CB48C /* JSON.swift */ = {isa = PBXFileReference; fileEncoding = 4; lastKnownFileType = sourcecode.swift; name = JSON.swift; path = JSONSerialize/JSON.swift; sourceTree = SOURCE_ROOT; };
		F8350F68197E3135006CB48C /* JSONDecoder.swift */ = {isa = PBXFileReference; fileEncoding = 4; lastKnownFileType = sourcecode.swift; name = JSONDecoder.swift; path = JSONSerialize/JSONDecoder.swift; sourceTree = SOURCE_ROOT; };
		F8350F69197E3135006CB48C /* JSONSerialize.h */ = {isa = PBXFileReference; fileEncoding = 4; lastKnownFileType = sourcecode.c.h; name = JSONSerialize.h; path = JSONSerialize/JSONSerialize.h; sourceTree = SOURCE_ROOT; };
		F8350F6A197E3135006CB48C /* ToJSON.swift */ = {isa = PBXFileReference; fileEncoding = 4; lastKnownFileType = sourcecode.swift; name = ToJSON.swift; path = JSONSerialize/ToJSON.swift; sourceTree = SOURCE_ROOT; };
		F8350F72197E3160006CB48C /* JSONSerializeTests.swift */ = {isa = PBXFileReference; fileEncoding = 4; lastKnownFileType = sourcecode.swift; name = JSONSerializeTests.swift; path = JSONSerializeTests/JSONSerializeTests.swift; sourceTree = SOURCE_ROOT; };
		F85C2D27197E364400F8B67B /* JSONSerialize.framework */ = {isa = PBXFileReference; explicitFileType = wrapper.framework; includeInIndex = 0; path = JSONSerialize.framework; sourceTree = BUILT_PRODUCTS_DIR; };
		F85C2D31197E364400F8B67B /* JSONSerializeOSXTests.xctest */ = {isa = PBXFileReference; explicitFileType = wrapper.cfbundle; includeInIndex = 0; path = JSONSerializeOSXTests.xctest; sourceTree = BUILT_PRODUCTS_DIR; };
		F8E4049F196FC03500CC1CB9 /* JSONSerialize.framework */ = {isa = PBXFileReference; explicitFileType = wrapper.framework; includeInIndex = 0; path = JSONSerialize.framework; sourceTree = BUILT_PRODUCTS_DIR; };
		F8E404A3196FC03500CC1CB9 /* Info.plist */ = {isa = PBXFileReference; lastKnownFileType = text.plist.xml; path = Info.plist; sourceTree = "<group>"; };
		F8E404AA196FC03500CC1CB9 /* JSONSerializeTests.xctest */ = {isa = PBXFileReference; explicitFileType = wrapper.cfbundle; includeInIndex = 0; path = JSONSerializeTests.xctest; sourceTree = BUILT_PRODUCTS_DIR; };
		F8E404B0196FC03500CC1CB9 /* Info.plist */ = {isa = PBXFileReference; lastKnownFileType = text.plist.xml; path = Info.plist; sourceTree = "<group>"; };
/* End PBXFileReference section */

/* Begin PBXFrameworksBuildPhase section */
		F85C2D23197E364400F8B67B /* Frameworks */ = {
			isa = PBXFrameworksBuildPhase;
			buildActionMask = 2147483647;
			files = (
			);
			runOnlyForDeploymentPostprocessing = 0;
		};
		F85C2D2E197E364400F8B67B /* Frameworks */ = {
			isa = PBXFrameworksBuildPhase;
			buildActionMask = 2147483647;
			files = (
				F85C2D32197E364400F8B67B /* JSONSerialize.framework in Frameworks */,
			);
			runOnlyForDeploymentPostprocessing = 0;
		};
		F8E4049B196FC03500CC1CB9 /* Frameworks */ = {
			isa = PBXFrameworksBuildPhase;
			buildActionMask = 2147483647;
			files = (
			);
			runOnlyForDeploymentPostprocessing = 0;
		};
		F8E404A7196FC03500CC1CB9 /* Frameworks */ = {
			isa = PBXFrameworksBuildPhase;
			buildActionMask = 2147483647;
			files = (
				F8E404AB196FC03500CC1CB9 /* JSONSerialize.framework in Frameworks */,
			);
			runOnlyForDeploymentPostprocessing = 0;
		};
/* End PBXFrameworksBuildPhase section */

/* Begin PBXGroup section */
		F8E40495196FC03500CC1CB9 = {
			isa = PBXGroup;
			children = (
				F8E404A1196FC03500CC1CB9 /* JSONSerialize */,
				F8E404AE196FC03500CC1CB9 /* JSONSerializeTests */,
				F8E404A0196FC03500CC1CB9 /* Products */,
			);
			sourceTree = "<group>";
		};
		F8E404A0196FC03500CC1CB9 /* Products */ = {
			isa = PBXGroup;
			children = (
				F8E4049F196FC03500CC1CB9 /* JSONSerialize.framework */,
				F8E404AA196FC03500CC1CB9 /* JSONSerializeTests.xctest */,
				F85C2D27197E364400F8B67B /* JSONSerialize.framework */,
				F85C2D31197E364400F8B67B /* JSONSerializeOSXTests.xctest */,
			);
			name = Products;
			sourceTree = "<group>";
		};
		F8E404A1196FC03500CC1CB9 /* JSONSerialize */ = {
			isa = PBXGroup;
			children = (
				F80CB80A19810E1E00B8AC74 /* JSONDecodable.swift */,
				F8350F67197E3135006CB48C /* JSON.swift */,
				F8350F68197E3135006CB48C /* JSONDecoder.swift */,
				F8350F69197E3135006CB48C /* JSONSerialize.h */,
				F8350F6A197E3135006CB48C /* ToJSON.swift */,
				F8E404A2196FC03500CC1CB9 /* Supporting Files */,
			);
			path = JSONSerialize;
			sourceTree = "<group>";
		};
		F8E404A2196FC03500CC1CB9 /* Supporting Files */ = {
			isa = PBXGroup;
			children = (
				F8E404A3196FC03500CC1CB9 /* Info.plist */,
			);
			name = "Supporting Files";
			sourceTree = "<group>";
		};
		F8E404AE196FC03500CC1CB9 /* JSONSerializeTests */ = {
			isa = PBXGroup;
			children = (
				F8350F72197E3160006CB48C /* JSONSerializeTests.swift */,
				F8E404AF196FC03500CC1CB9 /* Supporting Files */,
			);
			name = JSONSerializeTests;
			path = JsonSerializeTests;
			sourceTree = "<group>";
		};
		F8E404AF196FC03500CC1CB9 /* Supporting Files */ = {
			isa = PBXGroup;
			children = (
				F8E404B0196FC03500CC1CB9 /* Info.plist */,
			);
			name = "Supporting Files";
			sourceTree = "<group>";
		};
/* End PBXGroup section */

/* Begin PBXHeadersBuildPhase section */
		F85C2D24197E364400F8B67B /* Headers */ = {
			isa = PBXHeadersBuildPhase;
			buildActionMask = 2147483647;
			files = (
				F85C2D47197E37A600F8B67B /* JSONSerialize.h in Headers */,
			);
			runOnlyForDeploymentPostprocessing = 0;
		};
		F8E4049C196FC03500CC1CB9 /* Headers */ = {
			isa = PBXHeadersBuildPhase;
			buildActionMask = 2147483647;
			files = (
				F8350F6E197E3135006CB48C /* JSONSerialize.h in Headers */,
			);
			runOnlyForDeploymentPostprocessing = 0;
		};
/* End PBXHeadersBuildPhase section */

/* Begin PBXNativeTarget section */
		F85C2D26197E364400F8B67B /* JSONSerializeOSX */ = {
			isa = PBXNativeTarget;
			buildConfigurationList = F85C2D3A197E364400F8B67B /* Build configuration list for PBXNativeTarget "JSONSerializeOSX" */;
			buildPhases = (
				F85C2D22197E364400F8B67B /* Sources */,
				F85C2D23197E364400F8B67B /* Frameworks */,
				F85C2D24197E364400F8B67B /* Headers */,
				F85C2D25197E364400F8B67B /* Resources */,
			);
			buildRules = (
			);
			dependencies = (
			);
			name = JSONSerializeOSX;
			productName = JSONSerializeOSX;
			productReference = F85C2D27197E364400F8B67B /* JSONSerialize.framework */;
			productType = "com.apple.product-type.framework";
		};
		F85C2D30197E364400F8B67B /* JSONSerializeOSXTests */ = {
			isa = PBXNativeTarget;
			buildConfigurationList = F85C2D3D197E364400F8B67B /* Build configuration list for PBXNativeTarget "JSONSerializeOSXTests" */;
			buildPhases = (
				F85C2D2D197E364400F8B67B /* Sources */,
				F85C2D2E197E364400F8B67B /* Frameworks */,
				F85C2D2F197E364400F8B67B /* Resources */,
			);
			buildRules = (
			);
			dependencies = (
				F85C2D34197E364400F8B67B /* PBXTargetDependency */,
			);
			name = JSONSerializeOSXTests;
			productName = JSONSerializeOSXTests;
			productReference = F85C2D31197E364400F8B67B /* JSONSerializeOSXTests.xctest */;
			productType = "com.apple.product-type.bundle.unit-test";
		};
		F8E4049E196FC03500CC1CB9 /* JSONSerialize */ = {
			isa = PBXNativeTarget;
			buildConfigurationList = F8E404B5196FC03500CC1CB9 /* Build configuration list for PBXNativeTarget "JSONSerialize" */;
			buildPhases = (
				F8E4049A196FC03500CC1CB9 /* Sources */,
				F8E4049B196FC03500CC1CB9 /* Frameworks */,
				F8E4049C196FC03500CC1CB9 /* Headers */,
				F8E4049D196FC03500CC1CB9 /* Resources */,
			);
			buildRules = (
			);
			dependencies = (
			);
			name = JSONSerialize;
			productName = JsonSerialize;
			productReference = F8E4049F196FC03500CC1CB9 /* JSONSerialize.framework */;
			productType = "com.apple.product-type.framework";
		};
		F8E404A9196FC03500CC1CB9 /* JSONSerializeTests */ = {
			isa = PBXNativeTarget;
			buildConfigurationList = F8E404B8196FC03500CC1CB9 /* Build configuration list for PBXNativeTarget "JSONSerializeTests" */;
			buildPhases = (
				F8E404A6196FC03500CC1CB9 /* Sources */,
				F8E404A7196FC03500CC1CB9 /* Frameworks */,
				F8E404A8196FC03500CC1CB9 /* Resources */,
			);
			buildRules = (
			);
			dependencies = (
				F8E404AD196FC03500CC1CB9 /* PBXTargetDependency */,
				F8350F5D197E30E9006CB48C /* PBXTargetDependency */,
				F8350F5F197E30E9006CB48C /* PBXTargetDependency */,
			);
			name = JSONSerializeTests;
			productName = JsonSerializeTests;
			productReference = F8E404AA196FC03500CC1CB9 /* JSONSerializeTests.xctest */;
			productType = "com.apple.product-type.bundle.unit-test";
		};
/* End PBXNativeTarget section */

/* Begin PBXProject section */
		F8E40496196FC03500CC1CB9 /* Project object */ = {
			isa = PBXProject;
			attributes = {
				LastUpgradeCheck = 0600;
				ORGANIZATIONNAME = ap4y;
				TargetAttributes = {
					F85C2D26197E364400F8B67B = {
						CreatedOnToolsVersion = 6.0;
					};
					F85C2D30197E364400F8B67B = {
						CreatedOnToolsVersion = 6.0;
						TestTargetID = F85C2D26197E364400F8B67B;
					};
					F8E4049E196FC03500CC1CB9 = {
						CreatedOnToolsVersion = 6.0;
					};
					F8E404A9196FC03500CC1CB9 = {
						CreatedOnToolsVersion = 6.0;
						TestTargetID = F8E4049E196FC03500CC1CB9;
					};
				};
			};
			buildConfigurationList = F8E40499196FC03500CC1CB9 /* Build configuration list for PBXProject "JSONSerialize" */;
			compatibilityVersion = "Xcode 3.2";
			developmentRegion = English;
			hasScannedForEncodings = 0;
			knownRegions = (
				en,
			);
			mainGroup = F8E40495196FC03500CC1CB9;
			productRefGroup = F8E404A0196FC03500CC1CB9 /* Products */;
			projectDirPath = "";
			projectRoot = "";
			targets = (
				F8E4049E196FC03500CC1CB9 /* JSONSerialize */,
				F8E404A9196FC03500CC1CB9 /* JSONSerializeTests */,
				F85C2D26197E364400F8B67B /* JSONSerializeOSX */,
				F85C2D30197E364400F8B67B /* JSONSerializeOSXTests */,
			);
		};
/* End PBXProject section */

/* Begin PBXResourcesBuildPhase section */
		F85C2D25197E364400F8B67B /* Resources */ = {
			isa = PBXResourcesBuildPhase;
			buildActionMask = 2147483647;
			files = (
			);
			runOnlyForDeploymentPostprocessing = 0;
		};
		F85C2D2F197E364400F8B67B /* Resources */ = {
			isa = PBXResourcesBuildPhase;
			buildActionMask = 2147483647;
			files = (
			);
			runOnlyForDeploymentPostprocessing = 0;
		};
		F8E4049D196FC03500CC1CB9 /* Resources */ = {
			isa = PBXResourcesBuildPhase;
			buildActionMask = 2147483647;
			files = (
			);
			runOnlyForDeploymentPostprocessing = 0;
		};
		F8E404A8196FC03500CC1CB9 /* Resources */ = {
			isa = PBXResourcesBuildPhase;
			buildActionMask = 2147483647;
			files = (
			);
			runOnlyForDeploymentPostprocessing = 0;
		};
/* End PBXResourcesBuildPhase section */

/* Begin PBXSourcesBuildPhase section */
		F85C2D22197E364400F8B67B /* Sources */ = {
			isa = PBXSourcesBuildPhase;
			buildActionMask = 2147483647;
			files = (
				F80CB80C1981102B00B8AC74 /* JSONDecodable.swift in Sources */,
				F85C2D42197E36FD00F8B67B /* JSON.swift in Sources */,
				F85C2D43197E36FD00F8B67B /* JSONDecoder.swift in Sources */,
				F85C2D44197E36FD00F8B67B /* ToJSON.swift in Sources */,
			);
			runOnlyForDeploymentPostprocessing = 0;
		};
		F85C2D2D197E364400F8B67B /* Sources */ = {
			isa = PBXSourcesBuildPhase;
			buildActionMask = 2147483647;
			files = (
				F85C2D45197E370B00F8B67B /* JSONSerializeTests.swift in Sources */,
			);
			runOnlyForDeploymentPostprocessing = 0;
		};
		F8E4049A196FC03500CC1CB9 /* Sources */ = {
			isa = PBXSourcesBuildPhase;
			buildActionMask = 2147483647;
			files = (
				F8350F6F197E3135006CB48C /* ToJSON.swift in Sources */,
				F8350F6D197E3135006CB48C /* JSONDecoder.swift in Sources */,
				F8350F6C197E3135006CB48C /* JSON.swift in Sources */,
				F80CB80B19810E1E00B8AC74 /* JSONDecodable.swift in Sources */,
			);
			runOnlyForDeploymentPostprocessing = 0;
		};
		F8E404A6196FC03500CC1CB9 /* Sources */ = {
			isa = PBXSourcesBuildPhase;
			buildActionMask = 2147483647;
			files = (
				F8350F75197E31D3006CB48C /* JSONSerializeTests.swift in Sources */,
			);
			runOnlyForDeploymentPostprocessing = 0;
		};
/* End PBXSourcesBuildPhase section */

/* Begin PBXTargetDependency section */
		F8350F5D197E30E9006CB48C /* PBXTargetDependency */ = {
			isa = PBXTargetDependency;
			target = F8E4049E196FC03500CC1CB9 /* JSONSerialize */;
			targetProxy = F8350F5C197E30E9006CB48C /* PBXContainerItemProxy */;
		};
		F8350F5F197E30E9006CB48C /* PBXTargetDependency */ = {
			isa = PBXTargetDependency;
			target = F8E4049E196FC03500CC1CB9 /* JSONSerialize */;
			targetProxy = F8350F5E197E30E9006CB48C /* PBXContainerItemProxy */;
		};
		F85C2D34197E364400F8B67B /* PBXTargetDependency */ = {
			isa = PBXTargetDependency;
			target = F85C2D26197E364400F8B67B /* JSONSerializeOSX */;
			targetProxy = F85C2D33197E364400F8B67B /* PBXContainerItemProxy */;
		};
		F8E404AD196FC03500CC1CB9 /* PBXTargetDependency */ = {
			isa = PBXTargetDependency;
			target = F8E4049E196FC03500CC1CB9 /* JSONSerialize */;
			targetProxy = F8E404AC196FC03500CC1CB9 /* PBXContainerItemProxy */;
		};
/* End PBXTargetDependency section */

/* Begin XCBuildConfiguration section */
		F85C2D3B197E364400F8B67B /* Debug */ = {
			isa = XCBuildConfiguration;
			buildSettings = {
				COMBINE_HIDPI_IMAGES = YES;
				DEFINES_MODULE = YES;
				DYLIB_COMPATIBILITY_VERSION = 1;
				DYLIB_CURRENT_VERSION = 1;
				DYLIB_INSTALL_NAME_BASE = "@rpath";
				FRAMEWORK_VERSION = A;
				GCC_PREPROCESSOR_DEFINITIONS = (
					"DEBUG=1",
					"$(inherited)",
				);
				INFOPLIST_FILE = JSONSerialize/Info.plist;
				INSTALL_PATH = "$(LOCAL_LIBRARY_DIR)/Frameworks";
				LD_RUNPATH_SEARCH_PATHS = "$(inherited) @executable_path/../Frameworks @loader_path/Frameworks";
				MACOSX_DEPLOYMENT_TARGET = 10.10;
				PRODUCT_NAME = JSONSerialize;
				SDKROOT = macosx;
				SKIP_INSTALL = YES;
			};
			name = Debug;
		};
		F85C2D3C197E364400F8B67B /* Release */ = {
			isa = XCBuildConfiguration;
			buildSettings = {
				COMBINE_HIDPI_IMAGES = YES;
				DEBUG_INFORMATION_FORMAT = "dwarf-with-dsym";
				DEFINES_MODULE = YES;
				DYLIB_COMPATIBILITY_VERSION = 1;
				DYLIB_CURRENT_VERSION = 1;
				DYLIB_INSTALL_NAME_BASE = "@rpath";
				FRAMEWORK_VERSION = A;
				INFOPLIST_FILE = JSONSerialize/Info.plist;
				INSTALL_PATH = "$(LOCAL_LIBRARY_DIR)/Frameworks";
				LD_RUNPATH_SEARCH_PATHS = "$(inherited) @executable_path/../Frameworks @loader_path/Frameworks";
				MACOSX_DEPLOYMENT_TARGET = 10.10;
				PRODUCT_NAME = JSONSerialize;
				SDKROOT = macosx;
				SKIP_INSTALL = YES;
			};
			name = Release;
		};
		F85C2D3E197E364400F8B67B /* Debug */ = {
			isa = XCBuildConfiguration;
			buildSettings = {
				COMBINE_HIDPI_IMAGES = YES;
				FRAMEWORK_SEARCH_PATHS = (
					"$(DEVELOPER_FRAMEWORKS_DIR)",
					"$(inherited)",
				);
				GCC_PREPROCESSOR_DEFINITIONS = (
					"DEBUG=1",
					"$(inherited)",
				);
				INFOPLIST_FILE = JSONSerializeTests/Info.plist;
				LD_RUNPATH_SEARCH_PATHS = "$(inherited) @executable_path/../Frameworks @loader_path/../Frameworks";
				MACOSX_DEPLOYMENT_TARGET = 10.10;
				PRODUCT_NAME = "$(TARGET_NAME)";
				SDKROOT = macosx;
			};
			name = Debug;
		};
		F85C2D3F197E364400F8B67B /* Release */ = {
			isa = XCBuildConfiguration;
			buildSettings = {
				COMBINE_HIDPI_IMAGES = YES;
				DEBUG_INFORMATION_FORMAT = "dwarf-with-dsym";
				FRAMEWORK_SEARCH_PATHS = (
					"$(DEVELOPER_FRAMEWORKS_DIR)",
					"$(inherited)",
				);
				INFOPLIST_FILE = JSONSerializeTests/Info.plist;
				LD_RUNPATH_SEARCH_PATHS = "$(inherited) @executable_path/../Frameworks @loader_path/../Frameworks";
				MACOSX_DEPLOYMENT_TARGET = 10.10;
				PRODUCT_NAME = "$(TARGET_NAME)";
				SDKROOT = macosx;
			};
			name = Release;
		};
		F8E404B3196FC03500CC1CB9 /* Debug */ = {
			isa = XCBuildConfiguration;
			buildSettings = {
				ALWAYS_SEARCH_USER_PATHS = NO;
				CLANG_CXX_LANGUAGE_STANDARD = "gnu++0x";
				CLANG_CXX_LIBRARY = "libc++";
				CLANG_ENABLE_MODULES = YES;
				CLANG_ENABLE_OBJC_ARC = YES;
				CLANG_WARN_BOOL_CONVERSION = YES;
				CLANG_WARN_CONSTANT_CONVERSION = YES;
				CLANG_WARN_DIRECT_OBJC_ISA_USAGE = YES_ERROR;
				CLANG_WARN_EMPTY_BODY = YES;
				CLANG_WARN_ENUM_CONVERSION = YES;
				CLANG_WARN_INT_CONVERSION = YES;
				CLANG_WARN_OBJC_ROOT_CLASS = YES_ERROR;
				CLANG_WARN_UNREACHABLE_CODE = YES;
				CLANG_WARN__DUPLICATE_METHOD_MATCH = YES;
				"CODE_SIGN_IDENTITY[sdk=iphoneos*]" = "iPhone Developer";
				COPY_PHASE_STRIP = NO;
				CURRENT_PROJECT_VERSION = 1;
				ENABLE_STRICT_OBJC_MSGSEND = YES;
				GCC_C_LANGUAGE_STANDARD = gnu99;
				GCC_DYNAMIC_NO_PIC = NO;
				GCC_OPTIMIZATION_LEVEL = 0;
				GCC_PREPROCESSOR_DEFINITIONS = (
					"DEBUG=1",
					"$(inherited)",
				);
				GCC_SYMBOLS_PRIVATE_EXTERN = NO;
				GCC_WARN_64_TO_32_BIT_CONVERSION = YES;
				GCC_WARN_ABOUT_RETURN_TYPE = YES_ERROR;
				GCC_WARN_UNDECLARED_SELECTOR = YES;
				GCC_WARN_UNINITIALIZED_AUTOS = YES_AGGRESSIVE;
				GCC_WARN_UNUSED_FUNCTION = YES;
				GCC_WARN_UNUSED_VARIABLE = YES;
				IPHONEOS_DEPLOYMENT_TARGET = 8.0;
				MTL_ENABLE_DEBUG_INFO = YES;
				ONLY_ACTIVE_ARCH = YES;
				SDKROOT = iphoneos;
				SWIFT_OPTIMIZATION_LEVEL = "-Onone";
				TARGETED_DEVICE_FAMILY = "1,2";
				VERSIONING_SYSTEM = "apple-generic";
				VERSION_INFO_PREFIX = "";
			};
			name = Debug;
		};
		F8E404B4196FC03500CC1CB9 /* Release */ = {
			isa = XCBuildConfiguration;
			buildSettings = {
				ALWAYS_SEARCH_USER_PATHS = NO;
				CLANG_CXX_LANGUAGE_STANDARD = "gnu++0x";
				CLANG_CXX_LIBRARY = "libc++";
				CLANG_ENABLE_MODULES = YES;
				CLANG_ENABLE_OBJC_ARC = YES;
				CLANG_WARN_BOOL_CONVERSION = YES;
				CLANG_WARN_CONSTANT_CONVERSION = YES;
				CLANG_WARN_DIRECT_OBJC_ISA_USAGE = YES_ERROR;
				CLANG_WARN_EMPTY_BODY = YES;
				CLANG_WARN_ENUM_CONVERSION = YES;
				CLANG_WARN_INT_CONVERSION = YES;
				CLANG_WARN_OBJC_ROOT_CLASS = YES_ERROR;
				CLANG_WARN_UNREACHABLE_CODE = YES;
				CLANG_WARN__DUPLICATE_METHOD_MATCH = YES;
				"CODE_SIGN_IDENTITY[sdk=iphoneos*]" = "iPhone Developer";
				COPY_PHASE_STRIP = YES;
				CURRENT_PROJECT_VERSION = 1;
				ENABLE_NS_ASSERTIONS = NO;
				ENABLE_STRICT_OBJC_MSGSEND = YES;
				GCC_C_LANGUAGE_STANDARD = gnu99;
				GCC_WARN_64_TO_32_BIT_CONVERSION = YES;
				GCC_WARN_ABOUT_RETURN_TYPE = YES_ERROR;
				GCC_WARN_UNDECLARED_SELECTOR = YES;
				GCC_WARN_UNINITIALIZED_AUTOS = YES_AGGRESSIVE;
				GCC_WARN_UNUSED_FUNCTION = YES;
				GCC_WARN_UNUSED_VARIABLE = YES;
				IPHONEOS_DEPLOYMENT_TARGET = 8.0;
				MTL_ENABLE_DEBUG_INFO = NO;
				SDKROOT = iphoneos;
				TARGETED_DEVICE_FAMILY = "1,2";
				VALIDATE_PRODUCT = YES;
				VERSIONING_SYSTEM = "apple-generic";
				VERSION_INFO_PREFIX = "";
			};
			name = Release;
		};
		F8E404B6196FC03500CC1CB9 /* Debug */ = {
			isa = XCBuildConfiguration;
			buildSettings = {
				DEFINES_MODULE = YES;
				DYLIB_COMPATIBILITY_VERSION = 1;
				DYLIB_CURRENT_VERSION = 1;
				DYLIB_INSTALL_NAME_BASE = "@rpath";
				INFOPLIST_FILE = JSONSerialize/Info.plist;
				INSTALL_PATH = "$(LOCAL_LIBRARY_DIR)/Frameworks";
				LD_RUNPATH_SEARCH_PATHS = "$(inherited) @executable_path/Frameworks @loader_path/Frameworks";
				PRODUCT_NAME = "$(TARGET_NAME)";
				SKIP_INSTALL = YES;
			};
			name = Debug;
		};
		F8E404B7196FC03500CC1CB9 /* Release */ = {
			isa = XCBuildConfiguration;
			buildSettings = {
				DEFINES_MODULE = YES;
				DYLIB_COMPATIBILITY_VERSION = 1;
				DYLIB_CURRENT_VERSION = 1;
				DYLIB_INSTALL_NAME_BASE = "@rpath";
				INFOPLIST_FILE = JSONSerialize/Info.plist;
				INSTALL_PATH = "$(LOCAL_LIBRARY_DIR)/Frameworks";
				LD_RUNPATH_SEARCH_PATHS = "$(inherited) @executable_path/Frameworks @loader_path/Frameworks";
				PRODUCT_NAME = "$(TARGET_NAME)";
				SKIP_INSTALL = YES;
			};
			name = Release;
		};
		F8E404B9196FC03500CC1CB9 /* Debug */ = {
			isa = XCBuildConfiguration;
			buildSettings = {
				FRAMEWORK_SEARCH_PATHS = (
					"$(SDKROOT)/Developer/Library/Frameworks",
					"$(inherited)",
				);
				GCC_PREPROCESSOR_DEFINITIONS = (
					"DEBUG=1",
					"$(inherited)",
				);
				INFOPLIST_FILE = JSONSerializeTests/Info.plist;
				LD_RUNPATH_SEARCH_PATHS = "$(inherited) @executable_path/Frameworks @loader_path/Frameworks";
				PRODUCT_NAME = "$(TARGET_NAME)";
			};
			name = Debug;
		};
		F8E404BA196FC03500CC1CB9 /* Release */ = {
			isa = XCBuildConfiguration;
			buildSettings = {
				FRAMEWORK_SEARCH_PATHS = (
					"$(SDKROOT)/Developer/Library/Frameworks",
					"$(inherited)",
				);
				INFOPLIST_FILE = JSONSerializeTests/Info.plist;
				LD_RUNPATH_SEARCH_PATHS = "$(inherited) @executable_path/Frameworks @loader_path/Frameworks";
				PRODUCT_NAME = "$(TARGET_NAME)";
			};
			name = Release;
		};
/* End XCBuildConfiguration section */

/* Begin XCConfigurationList section */
		F85C2D3A197E364400F8B67B /* Build configuration list for PBXNativeTarget "JSONSerializeOSX" */ = {
			isa = XCConfigurationList;
			buildConfigurations = (
				F85C2D3B197E364400F8B67B /* Debug */,
				F85C2D3C197E364400F8B67B /* Release */,
			);
			defaultConfigurationIsVisible = 0;
			defaultConfigurationName = Release;
		};
		F85C2D3D197E364400F8B67B /* Build configuration list for PBXNativeTarget "JSONSerializeOSXTests" */ = {
			isa = XCConfigurationList;
			buildConfigurations = (
				F85C2D3E197E364400F8B67B /* Debug */,
				F85C2D3F197E364400F8B67B /* Release */,
			);
			defaultConfigurationIsVisible = 0;
			defaultConfigurationName = Release;
		};
		F8E40499196FC03500CC1CB9 /* Build configuration list for PBXProject "JSONSerialize" */ = {
			isa = XCConfigurationList;
			buildConfigurations = (
				F8E404B3196FC03500CC1CB9 /* Debug */,
				F8E404B4196FC03500CC1CB9 /* Release */,
			);
			defaultConfigurationIsVisible = 0;
			defaultConfigurationName = Release;
		};
		F8E404B5196FC03500CC1CB9 /* Build configuration list for PBXNativeTarget "JSONSerialize" */ = {
			isa = XCConfigurationList;
			buildConfigurations = (
				F8E404B6196FC03500CC1CB9 /* Debug */,
				F8E404B7196FC03500CC1CB9 /* Release */,
			);
			defaultConfigurationIsVisible = 0;
			defaultConfigurationName = Release;
		};
		F8E404B8196FC03500CC1CB9 /* Build configuration list for PBXNativeTarget "JSONSerializeTests" */ = {
			isa = XCConfigurationList;
			buildConfigurations = (
				F8E404B9196FC03500CC1CB9 /* Debug */,
				F8E404BA196FC03500CC1CB9 /* Release */,
			);
			defaultConfigurationIsVisible = 0;
			defaultConfigurationName = Release;
		};
/* End XCConfigurationList section */
	};
	rootObject = F8E40496196FC03500CC1CB9 /* Project object */;
}
